// !$*UTF8*$!
{
	archiveVersion = 1;
	classes = {
	};
	objectVersion = 46;
	objects = {

/* Begin PBXBuildFile section */
		97C1E0A91CD237BF001E95D9 /* AppDelegate.swift in Sources */ = {isa = PBXBuildFile; fileRef = 97C1E0A81CD237BF001E95D9 /* AppDelegate.swift */; };
		97C1E0AB1CD237BF001E95D9 /* ViewController.swift in Sources */ = {isa = PBXBuildFile; fileRef = 97C1E0AA1CD237BF001E95D9 /* ViewController.swift */; };
		97C1E0AE1CD237BF001E95D9 /* Main.storyboard in Resources */ = {isa = PBXBuildFile; fileRef = 97C1E0AC1CD237BF001E95D9 /* Main.storyboard */; };
		97C1E0B01CD237BF001E95D9 /* Assets.xcassets in Resources */ = {isa = PBXBuildFile; fileRef = 97C1E0AF1CD237BF001E95D9 /* Assets.xcassets */; };
		97C1E0B31CD237BF001E95D9 /* LaunchScreen.storyboard in Resources */ = {isa = PBXBuildFile; fileRef = 97C1E0B11CD237BF001E95D9 /* LaunchScreen.storyboard */; };
		97C1E0BE1CD237C0001E95D9 /* EasyLayoutTests.swift in Sources */ = {isa = PBXBuildFile; fileRef = 97C1E0BD1CD237C0001E95D9 /* EasyLayoutTests.swift */; };
		97C1E0C91CD237C0001E95D9 /* EasyLayoutUITests.swift in Sources */ = {isa = PBXBuildFile; fileRef = 97C1E0C81CD237C0001E95D9 /* EasyLayoutUITests.swift */; };
		97C1E0D81CD23846001E95D9 /* UIView(EasyLayout).swift in Sources */ = {isa = PBXBuildFile; fileRef = 97C1E0D71CD23846001E95D9 /* UIView(EasyLayout).swift */; };
		97C1E0DA1CD238EF001E95D9 /* ELLayoutAttributeProtocol.swift in Sources */ = {isa = PBXBuildFile; fileRef = 97C1E0D91CD238EF001E95D9 /* ELLayoutAttributeProtocol.swift */; };
		97C1E0DC1CD240E9001E95D9 /* ELLayoutConstraintMaker.swift in Sources */ = {isa = PBXBuildFile; fileRef = 97C1E0DB1CD240E9001E95D9 /* ELLayoutConstraintMaker.swift */; };
		97C1E0DE1CD2412D001E95D9 /* ELLayoutConstraintModel.swift in Sources */ = {isa = PBXBuildFile; fileRef = 97C1E0DD1CD2412D001E95D9 /* ELLayoutConstraintModel.swift */; };
		97C1E0E01CD253DE001E95D9 /* ELConstraintItem.swift in Sources */ = {isa = PBXBuildFile; fileRef = 97C1E0DF1CD253DE001E95D9 /* ELConstraintItem.swift */; };
/* End PBXBuildFile section */

/* Begin PBXContainerItemProxy section */
		97C1E0BA1CD237C0001E95D9 /* PBXContainerItemProxy */ = {
			isa = PBXContainerItemProxy;
			containerPortal = 97C1E09D1CD237BF001E95D9 /* Project object */;
			proxyType = 1;
			remoteGlobalIDString = 97C1E0A41CD237BF001E95D9;
			remoteInfo = EasyLayout;
		};
		97C1E0C51CD237C0001E95D9 /* PBXContainerItemProxy */ = {
			isa = PBXContainerItemProxy;
			containerPortal = 97C1E09D1CD237BF001E95D9 /* Project object */;
			proxyType = 1;
			remoteGlobalIDString = 97C1E0A41CD237BF001E95D9;
			remoteInfo = EasyLayout;
		};
/* End PBXContainerItemProxy section */

/* Begin PBXFileReference section */
		97C1E0A51CD237BF001E95D9 /* EasyLayout.app */ = {isa = PBXFileReference; explicitFileType = wrapper.application; includeInIndex = 0; path = EasyLayout.app; sourceTree = BUILT_PRODUCTS_DIR; };
		97C1E0A81CD237BF001E95D9 /* AppDelegate.swift */ = {isa = PBXFileReference; lastKnownFileType = sourcecode.swift; path = AppDelegate.swift; sourceTree = "<group>"; };
		97C1E0AA1CD237BF001E95D9 /* ViewController.swift */ = {isa = PBXFileReference; lastKnownFileType = sourcecode.swift; path = ViewController.swift; sourceTree = "<group>"; };
		97C1E0AD1CD237BF001E95D9 /* Base */ = {isa = PBXFileReference; lastKnownFileType = file.storyboard; name = Base; path = Base.lproj/Main.storyboard; sourceTree = "<group>"; };
		97C1E0AF1CD237BF001E95D9 /* Assets.xcassets */ = {isa = PBXFileReference; lastKnownFileType = folder.assetcatalog; path = Assets.xcassets; sourceTree = "<group>"; };
		97C1E0B21CD237BF001E95D9 /* Base */ = {isa = PBXFileReference; lastKnownFileType = file.storyboard; name = Base; path = Base.lproj/LaunchScreen.storyboard; sourceTree = "<group>"; };
		97C1E0B41CD237BF001E95D9 /* Info.plist */ = {isa = PBXFileReference; lastKnownFileType = text.plist.xml; path = Info.plist; sourceTree = "<group>"; };
		97C1E0B91CD237C0001E95D9 /* EasyLayoutTests.xctest */ = {isa = PBXFileReference; explicitFileType = wrapper.cfbundle; includeInIndex = 0; path = EasyLayoutTests.xctest; sourceTree = BUILT_PRODUCTS_DIR; };
		97C1E0BD1CD237C0001E95D9 /* EasyLayoutTests.swift */ = {isa = PBXFileReference; lastKnownFileType = sourcecode.swift; path = EasyLayoutTests.swift; sourceTree = "<group>"; };
		97C1E0BF1CD237C0001E95D9 /* Info.plist */ = {isa = PBXFileReference; lastKnownFileType = text.plist.xml; path = Info.plist; sourceTree = "<group>"; };
		97C1E0C41CD237C0001E95D9 /* EasyLayoutUITests.xctest */ = {isa = PBXFileReference; explicitFileType = wrapper.cfbundle; includeInIndex = 0; path = EasyLayoutUITests.xctest; sourceTree = BUILT_PRODUCTS_DIR; };
		97C1E0C81CD237C0001E95D9 /* EasyLayoutUITests.swift */ = {isa = PBXFileReference; lastKnownFileType = sourcecode.swift; path = EasyLayoutUITests.swift; sourceTree = "<group>"; };
		97C1E0CA1CD237C0001E95D9 /* Info.plist */ = {isa = PBXFileReference; lastKnownFileType = text.plist.xml; path = Info.plist; sourceTree = "<group>"; };
		97C1E0D71CD23846001E95D9 /* UIView(EasyLayout).swift */ = {isa = PBXFileReference; fileEncoding = 4; lastKnownFileType = sourcecode.swift; path = "UIView(EasyLayout).swift"; sourceTree = "<group>"; };
		97C1E0D91CD238EF001E95D9 /* ELLayoutAttributeProtocol.swift */ = {isa = PBXFileReference; fileEncoding = 4; lastKnownFileType = sourcecode.swift; path = ELLayoutAttributeProtocol.swift; sourceTree = "<group>"; };
		97C1E0DB1CD240E9001E95D9 /* ELLayoutConstraintMaker.swift */ = {isa = PBXFileReference; fileEncoding = 4; lastKnownFileType = sourcecode.swift; path = ELLayoutConstraintMaker.swift; sourceTree = "<group>"; };
		97C1E0DD1CD2412D001E95D9 /* ELLayoutConstraintModel.swift */ = {isa = PBXFileReference; fileEncoding = 4; lastKnownFileType = sourcecode.swift; path = ELLayoutConstraintModel.swift; sourceTree = "<group>"; };
		97C1E0DF1CD253DE001E95D9 /* ELConstraintItem.swift */ = {isa = PBXFileReference; fileEncoding = 4; lastKnownFileType = sourcecode.swift; path = ELConstraintItem.swift; sourceTree = "<group>"; };
/* End PBXFileReference section */

/* Begin PBXFrameworksBuildPhase section */
		97C1E0A21CD237BF001E95D9 /* Frameworks */ = {
			isa = PBXFrameworksBuildPhase;
			buildActionMask = 2147483647;
			files = (
			);
			runOnlyForDeploymentPostprocessing = 0;
		};
		97C1E0B61CD237C0001E95D9 /* Frameworks */ = {
			isa = PBXFrameworksBuildPhase;
			buildActionMask = 2147483647;
			files = (
			);
			runOnlyForDeploymentPostprocessing = 0;
		};
		97C1E0C11CD237C0001E95D9 /* Frameworks */ = {
			isa = PBXFrameworksBuildPhase;
			buildActionMask = 2147483647;
			files = (
			);
			runOnlyForDeploymentPostprocessing = 0;
		};
/* End PBXFrameworksBuildPhase section */

/* Begin PBXGroup section */
		97C1E09C1CD237BF001E95D9 = {
			isa = PBXGroup;
			children = (
				97C1E0A71CD237BF001E95D9 /* EasyLayout */,
				97C1E0BC1CD237C0001E95D9 /* EasyLayoutTests */,
				97C1E0C71CD237C0001E95D9 /* EasyLayoutUITests */,
				97C1E0A61CD237BF001E95D9 /* Products */,
			);
			sourceTree = "<group>";
		};
		97C1E0A61CD237BF001E95D9 /* Products */ = {
			isa = PBXGroup;
			children = (
				97C1E0A51CD237BF001E95D9 /* EasyLayout.app */,
				97C1E0B91CD237C0001E95D9 /* EasyLayoutTests.xctest */,
				97C1E0C41CD237C0001E95D9 /* EasyLayoutUITests.xctest */,
			);
			name = Products;
			sourceTree = "<group>";
		};
		97C1E0A71CD237BF001E95D9 /* EasyLayout */ = {
			isa = PBXGroup;
			children = (
				97C1E0D61CD2381D001E95D9 /* Source */,
				97C1E0A81CD237BF001E95D9 /* AppDelegate.swift */,
				97C1E0AA1CD237BF001E95D9 /* ViewController.swift */,
				97C1E0AC1CD237BF001E95D9 /* Main.storyboard */,
				97C1E0AF1CD237BF001E95D9 /* Assets.xcassets */,
				97C1E0B11CD237BF001E95D9 /* LaunchScreen.storyboard */,
				97C1E0B41CD237BF001E95D9 /* Info.plist */,
			);
			path = EasyLayout;
			sourceTree = "<group>";
		};
		97C1E0BC1CD237C0001E95D9 /* EasyLayoutTests */ = {
			isa = PBXGroup;
			children = (
				97C1E0BD1CD237C0001E95D9 /* EasyLayoutTests.swift */,
				97C1E0BF1CD237C0001E95D9 /* Info.plist */,
			);
			path = EasyLayoutTests;
			sourceTree = "<group>";
		};
		97C1E0C71CD237C0001E95D9 /* EasyLayoutUITests */ = {
			isa = PBXGroup;
			children = (
				97C1E0C81CD237C0001E95D9 /* EasyLayoutUITests.swift */,
				97C1E0CA1CD237C0001E95D9 /* Info.plist */,
			);
			path = EasyLayoutUITests;
			sourceTree = "<group>";
		};
		97C1E0D61CD2381D001E95D9 /* Source */ = {
			isa = PBXGroup;
			children = (
				97C1E0D71CD23846001E95D9 /* UIView(EasyLayout).swift */,
				97C1E0D91CD238EF001E95D9 /* ELLayoutAttributeProtocol.swift */,
				97C1E0DB1CD240E9001E95D9 /* ELLayoutConstraintMaker.swift */,
				97C1E0DD1CD2412D001E95D9 /* ELLayoutConstraintModel.swift */,
				97C1E0DF1CD253DE001E95D9 /* ELConstraintItem.swift */,
			);
			path = Source;
			sourceTree = "<group>";
		};
/* End PBXGroup section */

/* Begin PBXNativeTarget section */
		97C1E0A41CD237BF001E95D9 /* EasyLayout */ = {
			isa = PBXNativeTarget;
			buildConfigurationList = 97C1E0CD1CD237C0001E95D9 /* Build configuration list for PBXNativeTarget "EasyLayout" */;
			buildPhases = (
				97C1E0A11CD237BF001E95D9 /* Sources */,
				97C1E0A21CD237BF001E95D9 /* Frameworks */,
				97C1E0A31CD237BF001E95D9 /* Resources */,
			);
			buildRules = (
			);
			dependencies = (
			);
			name = EasyLayout;
			productName = EasyLayout;
			productReference = 97C1E0A51CD237BF001E95D9 /* EasyLayout.app */;
			productType = "com.apple.product-type.application";
		};
		97C1E0B81CD237C0001E95D9 /* EasyLayoutTests */ = {
			isa = PBXNativeTarget;
			buildConfigurationList = 97C1E0D01CD237C0001E95D9 /* Build configuration list for PBXNativeTarget "EasyLayoutTests" */;
			buildPhases = (
				97C1E0B51CD237C0001E95D9 /* Sources */,
				97C1E0B61CD237C0001E95D9 /* Frameworks */,
				97C1E0B71CD237C0001E95D9 /* Resources */,
			);
			buildRules = (
			);
			dependencies = (
				97C1E0BB1CD237C0001E95D9 /* PBXTargetDependency */,
			);
			name = EasyLayoutTests;
			productName = EasyLayoutTests;
			productReference = 97C1E0B91CD237C0001E95D9 /* EasyLayoutTests.xctest */;
			productType = "com.apple.product-type.bundle.unit-test";
		};
		97C1E0C31CD237C0001E95D9 /* EasyLayoutUITests */ = {
			isa = PBXNativeTarget;
			buildConfigurationList = 97C1E0D31CD237C0001E95D9 /* Build configuration list for PBXNativeTarget "EasyLayoutUITests" */;
			buildPhases = (
				97C1E0C01CD237C0001E95D9 /* Sources */,
				97C1E0C11CD237C0001E95D9 /* Frameworks */,
				97C1E0C21CD237C0001E95D9 /* Resources */,
			);
			buildRules = (
			);
			dependencies = (
				97C1E0C61CD237C0001E95D9 /* PBXTargetDependency */,
			);
			name = EasyLayoutUITests;
			productName = EasyLayoutUITests;
			productReference = 97C1E0C41CD237C0001E95D9 /* EasyLayoutUITests.xctest */;
			productType = "com.apple.product-type.bundle.ui-testing";
		};
/* End PBXNativeTarget section */

/* Begin PBXProject section */
		97C1E09D1CD237BF001E95D9 /* Project object */ = {
			isa = PBXProject;
			attributes = {
				LastSwiftUpdateCheck = 0730;
				LastUpgradeCheck = 0730;
				ORGANIZATIONNAME = August;
				TargetAttributes = {
					97C1E0A41CD237BF001E95D9 = {
						CreatedOnToolsVersion = 7.3;
					};
					97C1E0B81CD237C0001E95D9 = {
						CreatedOnToolsVersion = 7.3;
						TestTargetID = 97C1E0A41CD237BF001E95D9;
					};
					97C1E0C31CD237C0001E95D9 = {
						CreatedOnToolsVersion = 7.3;
						TestTargetID = 97C1E0A41CD237BF001E95D9;
					};
				};
			};
			buildConfigurationList = 97C1E0A01CD237BF001E95D9 /* Build configuration list for PBXProject "EasyLayout" */;
			compatibilityVersion = "Xcode 3.2";
			developmentRegion = English;
			hasScannedForEncodings = 0;
			knownRegions = (
				en,
				Base,
			);
			mainGroup = 97C1E09C1CD237BF001E95D9;
			productRefGroup = 97C1E0A61CD237BF001E95D9 /* Products */;
			projectDirPath = "";
			projectRoot = "";
			targets = (
				97C1E0A41CD237BF001E95D9 /* EasyLayout */,
				97C1E0B81CD237C0001E95D9 /* EasyLayoutTests */,
				97C1E0C31CD237C0001E95D9 /* EasyLayoutUITests */,
			);
		};
/* End PBXProject section */

/* Begin PBXResourcesBuildPhase section */
		97C1E0A31CD237BF001E95D9 /* Resources */ = {
			isa = PBXResourcesBuildPhase;
			buildActionMask = 2147483647;
			files = (
				97C1E0B31CD237BF001E95D9 /* LaunchScreen.storyboard in Resources */,
				97C1E0B01CD237BF001E95D9 /* Assets.xcassets in Resources */,
				97C1E0AE1CD237BF001E95D9 /* Main.storyboard in Resources */,
			);
			runOnlyForDeploymentPostprocessing = 0;
		};
		97C1E0B71CD237C0001E95D9 /* Resources */ = {
			isa = PBXResourcesBuildPhase;
			buildActionMask = 2147483647;
			files = (
			);
			runOnlyForDeploymentPostprocessing = 0;
		};
		97C1E0C21CD237C0001E95D9 /* Resources */ = {
			isa = PBXResourcesBuildPhase;
			buildActionMask = 2147483647;
			files = (
			);
			runOnlyForDeploymentPostprocessing = 0;
		};
/* End PBXResourcesBuildPhase section */

/* Begin PBXSourcesBuildPhase section */
		97C1E0A11CD237BF001E95D9 /* Sources */ = {
			isa = PBXSourcesBuildPhase;
			buildActionMask = 2147483647;
			files = (
				97C1E0AB1CD237BF001E95D9 /* ViewController.swift in Sources */,
				97C1E0A91CD237BF001E95D9 /* AppDelegate.swift in Sources */,
				97C1E0DC1CD240E9001E95D9 /* ELLayoutConstraintMaker.swift in Sources */,
				97C1E0D81CD23846001E95D9 /* UIView(EasyLayout).swift in Sources */,
				97C1E0DA1CD238EF001E95D9 /* ELLayoutAttributeProtocol.swift in Sources */,
				97C1E0DE1CD2412D001E95D9 /* ELLayoutConstraintModel.swift in Sources */,
				97C1E0E01CD253DE001E95D9 /* ELConstraintItem.swift in Sources */,
			);
			runOnlyForDeploymentPostprocessing = 0;
		};
		97C1E0B51CD237C0001E95D9 /* Sources */ = {
			isa = PBXSourcesBuildPhase;
			buildActionMask = 2147483647;
			files = (
				97C1E0BE1CD237C0001E95D9 /* EasyLayoutTests.swift in Sources */,
			);
			runOnlyForDeploymentPostprocessing = 0;
		};
		97C1E0C01CD237C0001E95D9 /* Sources */ = {
			isa = PBXSourcesBuildPhase;
			buildActionMask = 2147483647;
			files = (
				97C1E0C91CD237C0001E95D9 /* EasyLayoutUITests.swift in Sources */,
			);
			runOnlyForDeploymentPostprocessing = 0;
		};
/* End PBXSourcesBuildPhase section */

/* Begin PBXTargetDependency section */
		97C1E0BB1CD237C0001E95D9 /* PBXTargetDependency */ = {
			isa = PBXTargetDependency;
			target = 97C1E0A41CD237BF001E95D9 /* EasyLayout */;
			targetProxy = 97C1E0BA1CD237C0001E95D9 /* PBXContainerItemProxy */;
		};
		97C1E0C61CD237C0001E95D9 /* PBXTargetDependency */ = {
			isa = PBXTargetDependency;
			target = 97C1E0A41CD237BF001E95D9 /* EasyLayout */;
			targetProxy = 97C1E0C51CD237C0001E95D9 /* PBXContainerItemProxy */;
		};
/* End PBXTargetDependency section */

/* Begin PBXVariantGroup section */
		97C1E0AC1CD237BF001E95D9 /* Main.storyboard */ = {
			isa = PBXVariantGroup;
			children = (
				97C1E0AD1CD237BF001E95D9 /* Base */,
			);
			name = Main.storyboard;
			sourceTree = "<group>";
		};
		97C1E0B11CD237BF001E95D9 /* LaunchScreen.storyboard */ = {
			isa = PBXVariantGroup;
			children = (
				97C1E0B21CD237BF001E95D9 /* Base */,
			);
			name = LaunchScreen.storyboard;
			sourceTree = "<group>";
		};
/* End PBXVariantGroup section */

/* Begin XCBuildConfiguration section */
		97C1E0CB1CD237C0001E95D9 /* Debug */ = {
			isa = XCBuildConfiguration;
			buildSettings = {
				ALWAYS_SEARCH_USER_PATHS = NO;
				CLANG_ANALYZER_NONNULL = YES;
				CLANG_CXX_LANGUAGE_STANDARD = "gnu++0x";
				CLANG_CXX_LIBRARY = "libc++";
				CLANG_ENABLE_MODULES = YES;
				CLANG_ENABLE_OBJC_ARC = YES;
				CLANG_WARN_BOOL_CONVERSION = YES;
				CLANG_WARN_CONSTANT_CONVERSION = YES;
				CLANG_WARN_DIRECT_OBJC_ISA_USAGE = YES_ERROR;
				CLANG_WARN_EMPTY_BODY = YES;
				CLANG_WARN_ENUM_CONVERSION = YES;
				CLANG_WARN_INT_CONVERSION = YES;
				CLANG_WARN_OBJC_ROOT_CLASS = YES_ERROR;
				CLANG_WARN_UNREACHABLE_CODE = YES;
				CLANG_WARN__DUPLICATE_METHOD_MATCH = YES;
				"CODE_SIGN_IDENTITY[sdk=iphoneos*]" = "iPhone Developer";
				COPY_PHASE_STRIP = NO;
				DEBUG_INFORMATION_FORMAT = dwarf;
				ENABLE_STRICT_OBJC_MSGSEND = YES;
				ENABLE_TESTABILITY = YES;
				GCC_C_LANGUAGE_STANDARD = gnu99;
				GCC_DYNAMIC_NO_PIC = NO;
				GCC_NO_COMMON_BLOCKS = YES;
				GCC_OPTIMIZATION_LEVEL = 0;
				GCC_PREPROCESSOR_DEFINITIONS = (
					"DEBUG=1",
					"$(inherited)",
				);
				GCC_WARN_64_TO_32_BIT_CONVERSION = YES;
				GCC_WARN_ABOUT_RETURN_TYPE = YES_ERROR;
				GCC_WARN_UNDECLARED_SELECTOR = YES;
				GCC_WARN_UNINITIALIZED_AUTOS = YES_AGGRESSIVE;
				GCC_WARN_UNUSED_FUNCTION = YES;
				GCC_WARN_UNUSED_VARIABLE = YES;
				IPHONEOS_DEPLOYMENT_TARGET = 9.3;
				MTL_ENABLE_DEBUG_INFO = YES;
				ONLY_ACTIVE_ARCH = YES;
				SDKROOT = iphoneos;
				SWIFT_OPTIMIZATION_LEVEL = "-Onone";
				TARGETED_DEVICE_FAMILY = "1,2";
			};
			name = Debug;
		};
		97C1E0CC1CD237C0001E95D9 /* Release */ = {
			isa = XCBuildConfiguration;
			buildSettings = {
				ALWAYS_SEARCH_USER_PATHS = NO;
				CLANG_ANALYZER_NONNULL = YES;
				CLANG_CXX_LANGUAGE_STANDARD = "gnu++0x";
				CLANG_CXX_LIBRARY = "libc++";
				CLANG_ENABLE_MODULES = YES;
				CLANG_ENABLE_OBJC_ARC = YES;
				CLANG_WARN_BOOL_CONVERSION = YES;
				CLANG_WARN_CONSTANT_CONVERSION = YES;
				CLANG_WARN_DIRECT_OBJC_ISA_USAGE = YES_ERROR;
				CLANG_WARN_EMPTY_BODY = YES;
				CLANG_WARN_ENUM_CONVERSION = YES;
				CLANG_WARN_INT_CONVERSION = YES;
				CLANG_WARN_OBJC_ROOT_CLASS = YES_ERROR;
				CLANG_WARN_UNREACHABLE_CODE = YES;
				CLANG_WARN__DUPLICATE_METHOD_MATCH = YES;
				"CODE_SIGN_IDENTITY[sdk=iphoneos*]" = "iPhone Developer";
				COPY_PHASE_STRIP = NO;
				DEBUG_INFORMATION_FORMAT = "dwarf-with-dsym";
				ENABLE_NS_ASSERTIONS = NO;
				ENABLE_STRICT_OBJC_MSGSEND = YES;
				GCC_C_LANGUAGE_STANDARD = gnu99;
				GCC_NO_COMMON_BLOCKS = YES;
				GCC_WARN_64_TO_32_BIT_CONVERSION = YES;
				GCC_WARN_ABOUT_RETURN_TYPE = YES_ERROR;
				GCC_WARN_UNDECLARED_SELECTOR = YES;
				GCC_WARN_UNINITIALIZED_AUTOS = YES_AGGRESSIVE;
				GCC_WARN_UNUSED_FUNCTION = YES;
				GCC_WARN_UNUSED_VARIABLE = YES;
				IPHONEOS_DEPLOYMENT_TARGET = 9.3;
				MTL_ENABLE_DEBUG_INFO = NO;
				SDKROOT = iphoneos;
				TARGETED_DEVICE_FAMILY = "1,2";
				VALIDATE_PRODUCT = YES;
			};
			name = Release;
		};
		97C1E0CE1CD237C0001E95D9 /* Debug */ = {
			isa = XCBuildConfiguration;
			buildSettings = {
				ASSETCATALOG_COMPILER_APPICON_NAME = AppIcon;
				INFOPLIST_FILE = EasyLayout/Info.plist;
				IPHONEOS_DEPLOYMENT_TARGET = 8.0;
				LD_RUNPATH_SEARCH_PATHS = "$(inherited) @executable_path/Frameworks";
				PRODUCT_BUNDLE_IDENTIFIER = AR.EasyLayout;
				PRODUCT_NAME = "$(TARGET_NAME)";
			};
			name = Debug;
		};
		97C1E0CF1CD237C0001E95D9 /* Release */ = {
			isa = XCBuildConfiguration;
			buildSettings = {
				ASSETCATALOG_COMPILER_APPICON_NAME = AppIcon;
				INFOPLIST_FILE = EasyLayout/Info.plist;
				IPHONEOS_DEPLOYMENT_TARGET = 8.0;
				LD_RUNPATH_SEARCH_PATHS = "$(inherited) @executable_path/Frameworks";
				PRODUCT_BUNDLE_IDENTIFIER = AR.EasyLayout;
				PRODUCT_NAME = "$(TARGET_NAME)";
			};
			name = Release;
		};
		97C1E0D11CD237C0001E95D9 /* Debug */ = {
			isa = XCBuildConfiguration;
			buildSettings = {
				BUNDLE_LOADER = "$(TEST_HOST)";
				INFOPLIST_FILE = EasyLayoutTests/Info.plist;
				LD_RUNPATH_SEARCH_PATHS = "$(inherited) @executable_path/Frameworks @loader_path/Frameworks";
				PRODUCT_BUNDLE_IDENTIFIER = AR.EasyLayoutTests;
				PRODUCT_NAME = "$(TARGET_NAME)";
				TEST_HOST = "$(BUILT_PRODUCTS_DIR)/EasyLayout.app/EasyLayout";
			};
			name = Debug;
		};
		97C1E0D21CD237C0001E95D9 /* Release */ = {
			isa = XCBuildConfiguration;
			buildSettings = {
				BUNDLE_LOADER = "$(TEST_HOST)";
				INFOPLIST_FILE = EasyLayoutTests/Info.plist;
				LD_RUNPATH_SEARCH_PATHS = "$(inherited) @executable_path/Frameworks @loader_path/Frameworks";
				PRODUCT_BUNDLE_IDENTIFIER = AR.EasyLayoutTests;
				PRODUCT_NAME = "$(TARGET_NAME)";
				TEST_HOST = "$(BUILT_PRODUCTS_DIR)/EasyLayout.app/EasyLayout";
			};
			name = Release;
		};
		97C1E0D41CD237C0001E95D9 /* Debug */ = {
			isa = XCBuildConfiguration;
			buildSettings = {
				INFOPLIST_FILE = EasyLayoutUITests/Info.plist;
				LD_RUNPATH_SEARCH_PATHS = "$(inherited) @executable_path/Frameworks @loader_path/Frameworks";
				PRODUCT_BUNDLE_IDENTIFIER = AR.EasyLayoutUITests;
				PRODUCT_NAME = "$(TARGET_NAME)";
				TEST_TARGET_NAME = EasyLayout;
			};
			name = Debug;
		};
		97C1E0D51CD237C0001E95D9 /* Release */ = {
			isa = XCBuildConfiguration;
			buildSettings = {
				INFOPLIST_FILE = EasyLayoutUITests/Info.plist;
				LD_RUNPATH_SEARCH_PATHS = "$(inherited) @executable_path/Frameworks @loader_path/Frameworks";
				PRODUCT_BUNDLE_IDENTIFIER = AR.EasyLayoutUITests;
				PRODUCT_NAME = "$(TARGET_NAME)";
				TEST_TARGET_NAME = EasyLayout;
			};
			name = Release;
		};
/* End XCBuildConfiguration section */

/* Begin XCConfigurationList section */
		97C1E0A01CD237BF001E95D9 /* Build configuration list for PBXProject "EasyLayout" */ = {
			isa = XCConfigurationList;
			buildConfigurations = (
				97C1E0CB1CD237C0001E95D9 /* Debug */,
				97C1E0CC1CD237C0001E95D9 /* Release */,
			);
			defaultConfigurationIsVisible = 0;
			defaultConfigurationName = Release;
		};
		97C1E0CD1CD237C0001E95D9 /* Build configuration list for PBXNativeTarget "EasyLayout" */ = {
			isa = XCConfigurationList;
			buildConfigurations = (
				97C1E0CE1CD237C0001E95D9 /* Debug */,
				97C1E0CF1CD237C0001E95D9 /* Release */,
			);
			defaultConfigurationIsVisible = 0;
		};
		97C1E0D01CD237C0001E95D9 /* Build configuration list for PBXNativeTarget "EasyLayoutTests" */ = {
			isa = XCConfigurationList;
			buildConfigurations = (
				97C1E0D11CD237C0001E95D9 /* Debug */,
				97C1E0D21CD237C0001E95D9 /* Release */,
			);
			defaultConfigurationIsVisible = 0;
		};
		97C1E0D31CD237C0001E95D9 /* Build configuration list for PBXNativeTarget "EasyLayoutUITests" */ = {
			isa = XCConfigurationList;
			buildConfigurations = (
				97C1E0D41CD237C0001E95D9 /* Debug */,
				97C1E0D51CD237C0001E95D9 /* Release */,
			);
			defaultConfigurationIsVisible = 0;
		};
/* End XCConfigurationList section */
	};
	rootObject = 97C1E09D1CD237BF001E95D9 /* Project object */;
}
